
Microsoft Visual Studio Solution File, Format Version 12.00
# Visual Studio Version 17
VisualStudioVersion = 17.5.33502.453
MinimumVisualStudioVersion = 10.0.40219.1
Project("{FAE04EC0-301F-11D3-BF4B-00C04F79EFBC}") = "EntregaFinalOficial", "EntregaFinalOficial.csproj", "{6EC4116E-5CFA-47F4-B9E1-6D908FB6C6FC}"
EndProject
Global
	GlobalSection(SolutionConfigurationPlatforms) = preSolution
		Debug|Any CPU = Debug|Any CPU
		Release|Any CPU = Release|Any CPU
	EndGlobalSection
	GlobalSection(ProjectConfigurationPlatforms) = postSolution
		{6EC4116E-5CFA-47F4-B9E1-6D908FB6C6FC}.Debug|Any CPU.ActiveCfg = Debug|Any CPU
		{6EC4116E-5CFA-47F4-B9E1-6D908FB6C6FC}.Debug|Any CPU.Build.0 = Debug|Any CPU
		{6EC4116E-5CFA-47F4-B9E1-6D908FB6C6FC}.Release|Any CPU.ActiveCfg = Release|Any CPU
		{6EC4116E-5CFA-47F4-B9E1-6D908FB6C6FC}.Release|Any CPU.Build.0 = Release|Any CPU
	EndGlobalSection
	GlobalSection(SolutionProperties) = preSolution
		HideSolutionNode = FALSE
	EndGlobalSection
	GlobalSection(ExtensibilityGlobals) = postSolution
		SolutionGuid = {81ECF749-5CE6-4049-A58B-9347A7295E48}
	EndGlobalSection
EndGlobal
